// !$*UTF8*$!
{
	archiveVersion = 1;
	classes = {
	};
	objectVersion = 54;
	objects = {

/* Begin PBXBuildFile section */
		800E39262B4D72610083D8C8 /* CoreServices.framework in Frameworks */ = {isa = PBXBuildFile; fileRef = 800E39252B4D72610083D8C8 /* CoreServices.framework */; platformFilter = maccatalyst; };
		80B8BFE22B4CB67D00D05851 /* main.cpp in Sources */ = {isa = PBXBuildFile; fileRef = 80B8BFE12B4CB67D00D05851 /* main.cpp */; };
		80B8BFEA2B4CB82100D05851 /* CoreMIDI.framework in Frameworks */ = {isa = PBXBuildFile; fileRef = 80B8BFE92B4CB82100D05851 /* CoreMIDI.framework */; };
		80B8BFEC2B4CBB5200D05851 /* CoreFoundation.framework in Frameworks */ = {isa = PBXBuildFile; fileRef = 80B8BFEB2B4CBB5200D05851 /* CoreFoundation.framework */; };
/* End PBXBuildFile section */

/* Begin PBXCopyFilesBuildPhase section */
		80B8BFDC2B4CB67D00D05851 /* CopyFiles */ = {
			isa = PBXCopyFilesBuildPhase;
			buildActionMask = 2147483647;
			dstPath = /usr/share/man/man1/;
			dstSubfolderSpec = 0;
			files = (
			);
			runOnlyForDeploymentPostprocessing = 1;
		};
/* End PBXCopyFilesBuildPhase section */

/* Begin PBXFileReference section */
		800E39252B4D72610083D8C8 /* CoreServices.framework */ = {isa = PBXFileReference; lastKnownFileType = wrapper.framework; name = CoreServices.framework; path = System/Library/Frameworks/CoreServices.framework; sourceTree = SDKROOT; };
		801F30EB2B4D93D200EFC3D1 /* SynclavierKBI1MIDIProtocol.h */ = {isa = PBXFileReference; lastKnownFileType = sourcecode.c.h; path = SynclavierKBI1MIDIProtocol.h; sourceTree = "<group>"; };
		80B8BFDE2B4CB67D00D05851 /* Synclavier KBI-1 Demo Tool */ = {isa = PBXFileReference; explicitFileType = "compiled.mach-o.executable"; includeInIndex = 0; path = "Synclavier KBI-1 Demo Tool"; sourceTree = BUILT_PRODUCTS_DIR; };
		80B8BFE12B4CB67D00D05851 /* main.cpp */ = {isa = PBXFileReference; lastKnownFileType = sourcecode.cpp.cpp; path = main.cpp; sourceTree = "<group>"; };
		80B8BFE92B4CB82100D05851 /* CoreMIDI.framework */ = {isa = PBXFileReference; lastKnownFileType = wrapper.framework; name = CoreMIDI.framework; path = System/Library/Frameworks/CoreMIDI.framework; sourceTree = SDKROOT; };
		80B8BFEB2B4CBB5200D05851 /* CoreFoundation.framework */ = {isa = PBXFileReference; lastKnownFileType = wrapper.framework; name = CoreFoundation.framework; path = System/Library/Frameworks/CoreFoundation.framework; sourceTree = SDKROOT; };
/* End PBXFileReference section */

/* Begin PBXFrameworksBuildPhase section */
		80B8BFDB2B4CB67D00D05851 /* Frameworks */ = {
			isa = PBXFrameworksBuildPhase;
			buildActionMask = 2147483647;
			files = (
				80B8BFEC2B4CBB5200D05851 /* CoreFoundation.framework in Frameworks */,
				800E39262B4D72610083D8C8 /* CoreServices.framework in Frameworks */,
				80B8BFEA2B4CB82100D05851 /* CoreMIDI.framework in Frameworks */,
			);
			runOnlyForDeploymentPostprocessing = 0;
		};
/* End PBXFrameworksBuildPhase section */

/* Begin PBXGroup section */
		80B8BFD52B4CB67D00D05851 = {
			isa = PBXGroup;
			children = (
				80B8BFE02B4CB67D00D05851 /* Synclavier KBI-1 Demo Tool */,
				80B8BFDF2B4CB67D00D05851 /* Products */,
				80B8BFE82B4CB82100D05851 /* Frameworks */,
			);
			sourceTree = "<group>";
		};
		80B8BFDF2B4CB67D00D05851 /* Products */ = {
			isa = PBXGroup;
			children = (
				80B8BFDE2B4CB67D00D05851 /* Synclavier KBI-1 Demo Tool */,
			);
			name = Products;
			sourceTree = "<group>";
		};
		80B8BFE02B4CB67D00D05851 /* Synclavier KBI-1 Demo Tool */ = {
			isa = PBXGroup;
			children = (
				801F30EB2B4D93D200EFC3D1 /* SynclavierKBI1MIDIProtocol.h */,
				80B8BFE12B4CB67D00D05851 /* main.cpp */,
			);
			path = "Synclavier KBI-1 Demo Tool";
			sourceTree = "<group>";
		};
		80B8BFE82B4CB82100D05851 /* Frameworks */ = {
			isa = PBXGroup;
			children = (
				800E39252B4D72610083D8C8 /* CoreServices.framework */,
				80B8BFEB2B4CBB5200D05851 /* CoreFoundation.framework */,
				80B8BFE92B4CB82100D05851 /* CoreMIDI.framework */,
			);
			name = Frameworks;
			sourceTree = "<group>";
		};
/* End PBXGroup section */

/* Begin PBXNativeTarget section */
		80B8BFDD2B4CB67D00D05851 /* Synclavier KBI-1 Demo Tool */ = {
			isa = PBXNativeTarget;
			buildConfigurationList = 80B8BFE52B4CB67D00D05851 /* Build configuration list for PBXNativeTarget "Synclavier KBI-1 Demo Tool" */;
			buildPhases = (
				80B8BFDA2B4CB67D00D05851 /* Sources */,
				80B8BFDB2B4CB67D00D05851 /* Frameworks */,
				80B8BFDC2B4CB67D00D05851 /* CopyFiles */,
			);
			buildRules = (
			);
			dependencies = (
			);
			name = "Synclavier KBI-1 Demo Tool";
			productName = "Synclavier KBI-1 Demo Tool";
			productReference = 80B8BFDE2B4CB67D00D05851 /* Synclavier KBI-1 Demo Tool */;
			productType = "com.apple.product-type.tool";
		};
/* End PBXNativeTarget section */

/* Begin PBXProject section */
		80B8BFD62B4CB67D00D05851 /* Project object */ = {
			isa = PBXProject;
			attributes = {
				BuildIndependentTargetsInParallel = 1;
				LastUpgradeCheck = 1510;
				TargetAttributes = {
					80B8BFDD2B4CB67D00D05851 = {
						CreatedOnToolsVersion = 15.1;
					};
				};
			};
			buildConfigurationList = 80B8BFD92B4CB67D00D05851 /* Build configuration list for PBXProject "Synclavier KBI-1 Demo Tool" */;
			compatibilityVersion = "Xcode 12.0";
			developmentRegion = en;
			hasScannedForEncodings = 0;
			knownRegions = (
				en,
				Base,
			);
			mainGroup = 80B8BFD52B4CB67D00D05851;
			productRefGroup = 80B8BFDF2B4CB67D00D05851 /* Products */;
			projectDirPath = "";
			projectRoot = "";
			targets = (
				80B8BFDD2B4CB67D00D05851 /* Synclavier KBI-1 Demo Tool */,
			);
		};
/* End PBXProject section */

/* Begin PBXSourcesBuildPhase section */
		80B8BFDA2B4CB67D00D05851 /* Sources */ = {
			isa = PBXSourcesBuildPhase;
			buildActionMask = 2147483647;
			files = (
				80B8BFE22B4CB67D00D05851 /* main.cpp in Sources */,
			);
			runOnlyForDeploymentPostprocessing = 0;
		};
/* End PBXSourcesBuildPhase section */

/* Begin XCBuildConfiguration section */
		80B8BFE32B4CB67D00D05851 /* Debug */ = {
			isa = XCBuildConfiguration;
			buildSettings = {
				ALWAYS_SEARCH_USER_PATHS = NO;
				ASSETCATALOG_COMPILER_GENERATE_SWIFT_ASSET_SYMBOL_EXTENSIONS = YES;
				CLANG_ANALYZER_NONNULL = YES;
				CLANG_ANALYZER_NUMBER_OBJECT_CONVERSION = YES_AGGRESSIVE;
				CLANG_CXX_LANGUAGE_STANDARD = "gnu++20";
				CLANG_ENABLE_MODULES = YES;
				CLANG_ENABLE_OBJC_ARC = YES;
				CLANG_ENABLE_OBJC_WEAK = YES;
				CLANG_WARN_BLOCK_CAPTURE_AUTORELEASING = YES;
				CLANG_WARN_BOOL_CONVERSION = YES;
				CLANG_WARN_COMMA = YES;
				CLANG_WARN_CONSTANT_CONVERSION = YES;
				CLANG_WARN_DEPRECATED_OBJC_IMPLEMENTATIONS = YES;
				CLANG_WARN_DIRECT_OBJC_ISA_USAGE = YES_ERROR;
				CLANG_WARN_DOCUMENTATION_COMMENTS = YES;
				CLANG_WARN_EMPTY_BODY = YES;
				CLANG_WARN_ENUM_CONVERSION = YES;
				CLANG_WARN_INFINITE_RECURSION = YES;
				CLANG_WARN_INT_CONVERSION = YES;
				CLANG_WARN_NON_LITERAL_NULL_CONVERSION = YES;
				CLANG_WARN_OBJC_IMPLICIT_RETAIN_SELF = YES;
				CLANG_WARN_OBJC_LITERAL_CONVERSION = YES;
				CLANG_WARN_OBJC_ROOT_CLASS = YES_ERROR;
				CLANG_WARN_QUOTED_INCLUDE_IN_FRAMEWORK_HEADER = YES;
				CLANG_WARN_RANGE_LOOP_ANALYSIS = YES;
				CLANG_WARN_STRICT_PROTOTYPES = YES;
				CLANG_WARN_SUSPICIOUS_MOVE = YES;
				CLANG_WARN_UNGUARDED_AVAILABILITY = YES_AGGRESSIVE;
				CLANG_WARN_UNREACHABLE_CODE = YES;
				CLANG_WARN__DUPLICATE_METHOD_MATCH = YES;
				COPY_PHASE_STRIP = NO;
				DEBUG_INFORMATION_FORMAT = dwarf;
				ENABLE_STRICT_OBJC_MSGSEND = YES;
				ENABLE_TESTABILITY = YES;
				ENABLE_USER_SCRIPT_SANDBOXING = YES;
				GCC_C_LANGUAGE_STANDARD = gnu17;
				GCC_DYNAMIC_NO_PIC = NO;
				GCC_NO_COMMON_BLOCKS = YES;
				GCC_OPTIMIZATION_LEVEL = 0;
				GCC_PREPROCESSOR_DEFINITIONS = (
					"DEBUG=1",
					"$(inherited)",
				);
				GCC_WARN_64_TO_32_BIT_CONVERSION = YES;
				GCC_WARN_ABOUT_RETURN_TYPE = YES_ERROR;
				GCC_WARN_UNDECLARED_SELECTOR = YES;
				GCC_WARN_UNINITIALIZED_AUTOS = YES_AGGRESSIVE;
				GCC_WARN_UNUSED_FUNCTION = YES;
				GCC_WARN_UNUSED_VARIABLE = YES;
				LOCALIZATION_PREFERS_STRING_CATALOGS = YES;
				MACOSX_DEPLOYMENT_TARGET = 10.13;
				MTL_ENABLE_DEBUG_INFO = INCLUDE_SOURCE;
				MTL_FAST_MATH = YES;
				ONLY_ACTIVE_ARCH = YES;
				SDKROOT = macosx;
			};
			name = Debug;
		};
		80B8BFE42B4CB67D00D05851 /* Release */ = {
			isa = XCBuildConfiguration;
			buildSettings = {
				ALWAYS_SEARCH_USER_PATHS = NO;
				ASSETCATALOG_COMPILER_GENERATE_SWIFT_ASSET_SYMBOL_EXTENSIONS = YES;
				CLANG_ANALYZER_NONNULL = YES;
				CLANG_ANALYZER_NUMBER_OBJECT_CONVERSION = YES_AGGRESSIVE;
				CLANG_CXX_LANGUAGE_STANDARD = "gnu++20";
				CLANG_ENABLE_MODULES = YES;
				CLANG_ENABLE_OBJC_ARC = YES;
				CLANG_ENABLE_OBJC_WEAK = YES;
				CLANG_WARN_BLOCK_CAPTURE_AUTORELEASING = YES;
				CLANG_WARN_BOOL_CONVERSION = YES;
				CLANG_WARN_COMMA = YES;
				CLANG_WARN_CONSTANT_CONVERSION = YES;
				CLANG_WARN_DEPRECATED_OBJC_IMPLEMENTATIONS = YES;
				CLANG_WARN_DIRECT_OBJC_ISA_USAGE = YES_ERROR;
				CLANG_WARN_DOCUMENTATION_COMMENTS = YES;
				CLANG_WARN_EMPTY_BODY = YES;
				CLANG_WARN_ENUM_CONVERSION = YES;
				CLANG_WARN_INFINITE_RECURSION = YES;
				CLANG_WARN_INT_CONVERSION = YES;
				CLANG_WARN_NON_LITERAL_NULL_CONVERSION = YES;
				CLANG_WARN_OBJC_IMPLICIT_RETAIN_SELF = YES;
				CLANG_WARN_OBJC_LITERAL_CONVERSION = YES;
				CLANG_WARN_OBJC_ROOT_CLASS = YES_ERROR;
				CLANG_WARN_QUOTED_INCLUDE_IN_FRAMEWORK_HEADER = YES;
				CLANG_WARN_RANGE_LOOP_ANALYSIS = YES;
				CLANG_WARN_STRICT_PROTOTYPES = YES;
				CLANG_WARN_SUSPICIOUS_MOVE = YES;
				CLANG_WARN_UNGUARDED_AVAILABILITY = YES_AGGRESSIVE;
				CLANG_WARN_UNREACHABLE_CODE = YES;
				CLANG_WARN__DUPLICATE_METHOD_MATCH = YES;
				COPY_PHASE_STRIP = NO;
				DEBUG_INFORMATION_FORMAT = "dwarf-with-dsym";
				ENABLE_NS_ASSERTIONS = NO;
				ENABLE_STRICT_OBJC_MSGSEND = YES;
				ENABLE_USER_SCRIPT_SANDBOXING = YES;
				GCC_C_LANGUAGE_STANDARD = gnu17;
				GCC_NO_COMMON_BLOCKS = YES;
				GCC_WARN_64_TO_32_BIT_CONVERSION = YES;
				GCC_WARN_ABOUT_RETURN_TYPE = YES_ERROR;
				GCC_WARN_UNDECLARED_SELECTOR = YES;
				GCC_WARN_UNINITIALIZED_AUTOS = YES_AGGRESSIVE;
				GCC_WARN_UNUSED_FUNCTION = YES;
				GCC_WARN_UNUSED_VARIABLE = YES;
				LOCALIZATION_PREFERS_STRING_CATALOGS = YES;
				MACOSX_DEPLOYMENT_TARGET = 10.13;
				MTL_ENABLE_DEBUG_INFO = NO;
				MTL_FAST_MATH = YES;
				SDKROOT = macosx;
			};
			name = Release;
		};
		80B8BFE62B4CB67D00D05851 /* Debug */ = {
			isa = XCBuildConfiguration;
			buildSettings = {
				CODE_SIGN_STYLE = Automatic;
				PRODUCT_NAME = "$(TARGET_NAME)";
			};
			name = Debug;
		};
		80B8BFE72B4CB67D00D05851 /* Release */ = {
			isa = XCBuildConfiguration;
			buildSettings = {
				CODE_SIGN_STYLE = Automatic;
				PRODUCT_NAME = "$(TARGET_NAME)";
			};
			name = Release;
		};
/* End XCBuildConfiguration section */

/* Begin XCConfigurationList section */
		80B8BFD92B4CB67D00D05851 /* Build configuration list for PBXProject "Synclavier KBI-1 Demo Tool" */ = {
			isa = XCConfigurationList;
			buildConfigurations = (
				80B8BFE32B4CB67D00D05851 /* Debug */,
				80B8BFE42B4CB67D00D05851 /* Release */,
			);
			defaultConfigurationIsVisible = 0;
			defaultConfigurationName = Release;
		};
		80B8BFE52B4CB67D00D05851 /* Build configuration list for PBXNativeTarget "Synclavier KBI-1 Demo Tool" */ = {
			isa = XCConfigurationList;
			buildConfigurations = (
				80B8BFE62B4CB67D00D05851 /* Debug */,
				80B8BFE72B4CB67D00D05851 /* Release */,
			);
			defaultConfigurationIsVisible = 0;
			defaultConfigurationName = Release;
		};
/* End XCConfigurationList section */
	};
	rootObject = 80B8BFD62B4CB67D00D05851 /* Project object */;
}
